<Solution>
  <Folder Name="/App/">
    <Project Path="src/StudioOMS.Web/StudioOMS.Web.csproj" Id="9192d6ba-e8c8-4bbb-a2b3-e3fb3467171a" />
  </Folder>
  <Folder Name="/Src/">
    <Project Path="src/StudioOMS.Dtos/StudioOMS.Dtos.csproj" />
  </Folder>
  <Folder Name="/Src/Core/">
    <Project Path="src/StudioOMS.Application/StudioOMS.Application.csproj" />
    <Project Path="src/StudioOMS.Domain/StudioOMS.Domain.csproj" />
    <Project Path="src/StudioOMS.IdGenerator/StudioOMS.IdGenerator.csproj" Id="188cf849-ae78-45e7-9ce7-f2c898145a3a" />
    <Project Path="src/StudioOMS.Infrastructure/StudioOMS.Infrastructure.csproj" />
  </Folder>
  <Folder Name="/Src/WebApi/">
    <Project Path="src/StudioOMS.WebApi.Routes/StudioOMS.WebApi.Routes.csproj" Id="97aa37ae-d985-4d23-b944-7a3c62fcc24e" />
    <Project Path="src/StudioOMS.WebApi.Sdk/StudioOMS.WebApi.Sdk.csproj" />
    <Project Path="src/StudioOMS.WebApi/StudioOMS.WebApi.csproj" />
  </Folder>
  <Folder Name="/Tests/">
    <Project Path="test/StudioOMS.Tests/StudioOMS.Tests.csproj" />
  </Folder>
</Solution>
