<Solution>
  <Folder Name="/Src/">
    <Project Path="src/StudioOMS.Demo/StudioOMS.Demo.csproj" Id="b7fa9d89-213d-42d3-b7f7-f7dc4810eb5e" />
  </Folder>
  <Folder Name="/Src/Core/">
    <Project Path="src/StudioOMS.Application/StudioOMS.Application.csproj" />
    <Project Path="src/StudioOMS.Domain/StudioOMS.Domain.csproj" />
    <Project Path="src/StudioOMS.Infrastructure/StudioOMS.Infrastructure.csproj" />
  </Folder>
  <Folder Name="/Src/Web/">
    <Project Path="src/StudioOMS.Dtos/StudioOMS.Dtos.csproj" />
    <Project Path="src/StudioOMS.Web/StudioOMS.Web.csproj" Id="9192d6ba-e8c8-4bbb-a2b3-e3fb3467171a" />
    <Project Path="src/StudioOMS.WebApi/StudioOMS.WebApi.csproj" />
  </Folder>
  <Folder Name="/Tests/">
    <Project Path="test/StudioOM.Tests/StudioOM.Tests.csproj" Id="c98b6245-4cee-4e8d-a10f-2fb48b5c6c18" />
  </Folder>
</Solution>
